
Microsoft Visual Studio Solution File, Format Version 12.00
# Visual Studio Version 17
VisualStudioVersion = 17.7.34202.233
MinimumVisualStudioVersion = 10.0.40219.1
Project("{9A19103F-16F7-4668-BE54-9A1E7A4F7556}") = "Gopet", "Gopet.csproj", "{0F996AF0-289B-4A3E-9BFA-B6B0AE056513}"
EndProject
Project("{9A19103F-16F7-4668-BE54-9A1E7A4F7556}") = "GopetHost", "..\GopetHost\GopetHost.csproj", "{D3A54453-9D13-45D6-A498-2D69C577DA08}"
EndProject
Project("{FAE04EC0-301F-11D3-BF4B-00C04F79EFBC}") = "PingServer", "..\PingServer\PingServer.csproj", "{F3B379D9-A759-4A77-95DE-EBB73FAA84B8}"
EndProject
Project("{FAE04EC0-301F-11D3-BF4B-00C04F79EFBC}") = "TestExpression", "..\TestExpression\TestExpression.csproj", "{A3DFE89D-4825-4A48-BAE7-88BB1D1CD4B3}"
EndProject
Global
	GlobalSection(SolutionConfigurationPlatforms) = preSolution
		Debug|Any CPU = Debug|Any CPU
		Release|Any CPU = Release|Any CPU
	EndGlobalSection
	GlobalSection(ProjectConfigurationPlatforms) = postSolution
		{0F996AF0-289B-4A3E-9BFA-B6B0AE056513}.Debug|Any CPU.ActiveCfg = Debug|Any CPU
		{0F996AF0-289B-4A3E-9BFA-B6B0AE056513}.Debug|Any CPU.Build.0 = Debug|Any CPU
		{0F996AF0-289B-4A3E-9BFA-B6B0AE056513}.Release|Any CPU.ActiveCfg = Release|Any CPU
		{0F996AF0-289B-4A3E-9BFA-B6B0AE056513}.Release|Any CPU.Build.0 = Release|Any CPU
		{D3A54453-9D13-45D6-A498-2D69C577DA08}.Debug|Any CPU.ActiveCfg = Debug|Any CPU
		{D3A54453-9D13-45D6-A498-2D69C577DA08}.Debug|Any CPU.Build.0 = Debug|Any CPU
		{D3A54453-9D13-45D6-A498-2D69C577DA08}.Release|Any CPU.ActiveCfg = Release|Any CPU
		{D3A54453-9D13-45D6-A498-2D69C577DA08}.Release|Any CPU.Build.0 = Release|Any CPU
		{F3B379D9-A759-4A77-95DE-EBB73FAA84B8}.Debug|Any CPU.ActiveCfg = Debug|Any CPU
		{F3B379D9-A759-4A77-95DE-EBB73FAA84B8}.Debug|Any CPU.Build.0 = Debug|Any CPU
		{F3B379D9-A759-4A77-95DE-EBB73FAA84B8}.Release|Any CPU.ActiveCfg = Release|Any CPU
		{F3B379D9-A759-4A77-95DE-EBB73FAA84B8}.Release|Any CPU.Build.0 = Release|Any CPU
		{A3DFE89D-4825-4A48-BAE7-88BB1D1CD4B3}.Debug|Any CPU.ActiveCfg = Debug|Any CPU
		{A3DFE89D-4825-4A48-BAE7-88BB1D1CD4B3}.Debug|Any CPU.Build.0 = Debug|Any CPU
		{A3DFE89D-4825-4A48-BAE7-88BB1D1CD4B3}.Release|Any CPU.ActiveCfg = Release|Any CPU
		{A3DFE89D-4825-4A48-BAE7-88BB1D1CD4B3}.Release|Any CPU.Build.0 = Release|Any CPU
	EndGlobalSection
	GlobalSection(SolutionProperties) = preSolution
		HideSolutionNode = FALSE
	EndGlobalSection
	GlobalSection(ExtensibilityGlobals) = postSolution
		SolutionGuid = {59E30715-7697-490C-AFB4-5AD80C44B4A6}
	EndGlobalSection
EndGlobal
