
Microsoft Visual Studio Solution File, Format Version 12.00
# Visual Studio Version 17
VisualStudioVersion = 17.7.34202.233
MinimumVisualStudioVersion = 10.0.40219.1
Project("{9A19103F-16F7-4668-BE54-9A1E7A4F7556}") = "Gopet", "Gopet.csproj", "{0F996AF0-289B-4A3E-9BFA-B6B0AE056513}"
EndProject
Project("{9A19103F-16F7-4668-BE54-9A1E7A4F7556}") = "GopetHost", "..\GopetHost\GopetHost.csproj", "{D3A54453-9D13-45D6-A498-2D69C577DA08}"
EndProject
Project("{9A19103F-16F7-4668-BE54-9A1E7A4F7556}") = "PingServer", "..\PingServer\PingServer.csproj", "{F3B379D9-A759-4A77-95DE-EBB73FAA84B8}"
EndProject
Project("{9A19103F-16F7-4668-BE54-9A1E7A4F7556}") = "TestExpression", "..\TestExpression\TestExpression.csproj", "{A3DFE89D-4825-4A48-BAE7-88BB1D1CD4B3}"
EndProject
Project("{FAE04EC0-301F-11D3-BF4B-00C04F79EFBC}") = "CDNgoPet", "..\CDNgoPet\CDNgoPet.csproj", "{C9DB0058-5F8E-4E7E-BBAA-1BCCE750A623}"
EndProject
Project("{FAE04EC0-301F-11D3-BF4B-00C04F79EFBC}") = "NativeClient.UWP", "..\NativeClient\NativeClient.UWP\NativeClient.UWP.csproj", "{CA0BA6C2-2318-4B2B-9696-15735B4BD218}"
EndProject
Project("{FAE04EC0-301F-11D3-BF4B-00C04F79EFBC}") = "NativeClient.Android", "..\NativeClient\NativeClient.Android\NativeClient.Android.csproj", "{6C3F460B-4AC5-44C0-BB2C-0C0EB7BB31B9}"
EndProject
Project("{FAE04EC0-301F-11D3-BF4B-00C04F79EFBC}") = "NativeClient.iOS", "..\NativeClient\NativeClient.iOS\NativeClient.iOS.csproj", "{057A49B6-6163-40C6-8CA0-1EF22BBD89FB}"
EndProject
Project("{FAE04EC0-301F-11D3-BF4B-00C04F79EFBC}") = "NativeClient", "..\NativeClient\NativeClient\NativeClient.csproj", "{850D79B5-E067-4030-BF0A-03087236AE87}"
EndProject
Global
	GlobalSection(SolutionConfigurationPlatforms) = preSolution
		Debug|Any CPU = Debug|Any CPU
		Release|Any CPU = Release|Any CPU
	EndGlobalSection
	GlobalSection(ProjectConfigurationPlatforms) = postSolution
		{0F996AF0-289B-4A3E-9BFA-B6B0AE056513}.Debug|Any CPU.ActiveCfg = Debug|Any CPU
		{0F996AF0-289B-4A3E-9BFA-B6B0AE056513}.Debug|Any CPU.Build.0 = Debug|Any CPU
		{0F996AF0-289B-4A3E-9BFA-B6B0AE056513}.Release|Any CPU.ActiveCfg = Release|Any CPU
		{0F996AF0-289B-4A3E-9BFA-B6B0AE056513}.Release|Any CPU.Build.0 = Release|Any CPU
		{D3A54453-9D13-45D6-A498-2D69C577DA08}.Debug|Any CPU.ActiveCfg = Debug|Any CPU
		{D3A54453-9D13-45D6-A498-2D69C577DA08}.Debug|Any CPU.Build.0 = Debug|Any CPU
		{D3A54453-9D13-45D6-A498-2D69C577DA08}.Release|Any CPU.ActiveCfg = Release|Any CPU
		{D3A54453-9D13-45D6-A498-2D69C577DA08}.Release|Any CPU.Build.0 = Release|Any CPU
		{F3B379D9-A759-4A77-95DE-EBB73FAA84B8}.Debug|Any CPU.ActiveCfg = Debug|Any CPU
		{F3B379D9-A759-4A77-95DE-EBB73FAA84B8}.Debug|Any CPU.Build.0 = Debug|Any CPU
		{F3B379D9-A759-4A77-95DE-EBB73FAA84B8}.Release|Any CPU.ActiveCfg = Release|Any CPU
		{F3B379D9-A759-4A77-95DE-EBB73FAA84B8}.Release|Any CPU.Build.0 = Release|Any CPU
		{A3DFE89D-4825-4A48-BAE7-88BB1D1CD4B3}.Debug|Any CPU.ActiveCfg = Debug|Any CPU
		{A3DFE89D-4825-4A48-BAE7-88BB1D1CD4B3}.Debug|Any CPU.Build.0 = Debug|Any CPU
		{A3DFE89D-4825-4A48-BAE7-88BB1D1CD4B3}.Release|Any CPU.ActiveCfg = Release|Any CPU
		{A3DFE89D-4825-4A48-BAE7-88BB1D1CD4B3}.Release|Any CPU.Build.0 = Release|Any CPU
		{C9DB0058-5F8E-4E7E-BBAA-1BCCE750A623}.Debug|Any CPU.ActiveCfg = Debug|Any CPU
		{C9DB0058-5F8E-4E7E-BBAA-1BCCE750A623}.Debug|Any CPU.Build.0 = Debug|Any CPU
		{C9DB0058-5F8E-4E7E-BBAA-1BCCE750A623}.Release|Any CPU.ActiveCfg = Release|Any CPU
		{C9DB0058-5F8E-4E7E-BBAA-1BCCE750A623}.Release|Any CPU.Build.0 = Release|Any CPU
		{CA0BA6C2-2318-4B2B-9696-15735B4BD218}.Debug|Any CPU.ActiveCfg = Debug|x64
		{CA0BA6C2-2318-4B2B-9696-15735B4BD218}.Debug|Any CPU.Build.0 = Debug|x64
		{CA0BA6C2-2318-4B2B-9696-15735B4BD218}.Debug|Any CPU.Deploy.0 = Debug|x64
		{CA0BA6C2-2318-4B2B-9696-15735B4BD218}.Release|Any CPU.ActiveCfg = Release|x64
		{CA0BA6C2-2318-4B2B-9696-15735B4BD218}.Release|Any CPU.Build.0 = Release|x64
		{CA0BA6C2-2318-4B2B-9696-15735B4BD218}.Release|Any CPU.Deploy.0 = Release|x64
		{6C3F460B-4AC5-44C0-BB2C-0C0EB7BB31B9}.Debug|Any CPU.ActiveCfg = Debug|Any CPU
		{6C3F460B-4AC5-44C0-BB2C-0C0EB7BB31B9}.Debug|Any CPU.Build.0 = Debug|Any CPU
		{6C3F460B-4AC5-44C0-BB2C-0C0EB7BB31B9}.Debug|Any CPU.Deploy.0 = Debug|Any CPU
		{6C3F460B-4AC5-44C0-BB2C-0C0EB7BB31B9}.Release|Any CPU.ActiveCfg = Release|Any CPU
		{6C3F460B-4AC5-44C0-BB2C-0C0EB7BB31B9}.Release|Any CPU.Build.0 = Release|Any CPU
		{6C3F460B-4AC5-44C0-BB2C-0C0EB7BB31B9}.Release|Any CPU.Deploy.0 = Release|Any CPU
		{057A49B6-6163-40C6-8CA0-1EF22BBD89FB}.Debug|Any CPU.ActiveCfg = Debug|iPhoneSimulator
		{057A49B6-6163-40C6-8CA0-1EF22BBD89FB}.Debug|Any CPU.Build.0 = Debug|iPhoneSimulator
		{057A49B6-6163-40C6-8CA0-1EF22BBD89FB}.Release|Any CPU.ActiveCfg = Release|iPhoneSimulator
		{057A49B6-6163-40C6-8CA0-1EF22BBD89FB}.Release|Any CPU.Build.0 = Release|iPhoneSimulator
		{850D79B5-E067-4030-BF0A-03087236AE87}.Debug|Any CPU.ActiveCfg = Debug|Any CPU
		{850D79B5-E067-4030-BF0A-03087236AE87}.Debug|Any CPU.Build.0 = Debug|Any CPU
		{850D79B5-E067-4030-BF0A-03087236AE87}.Release|Any CPU.ActiveCfg = Release|Any CPU
		{850D79B5-E067-4030-BF0A-03087236AE87}.Release|Any CPU.Build.0 = Release|Any CPU
	EndGlobalSection
	GlobalSection(SolutionProperties) = preSolution
		HideSolutionNode = FALSE
	EndGlobalSection
	GlobalSection(ExtensibilityGlobals) = postSolution
		SolutionGuid = {59E30715-7697-490C-AFB4-5AD80C44B4A6}
	EndGlobalSection
EndGlobal
